agent_id: sonnet-4-6-backend-m7partial
timestamp: 2026-05-26T00:00:00Z
task: M7-partial runtime OG endpoint + Sentry + static OG cleanup
lane: backend
locked_files:
  - apps/api/src/og.rs (CREATE)
  - apps/api/src/lib.rs (MODIFY)
  - apps/api/src/telemetry.rs (MODIFY)
  - apps/api/Cargo.toml (MODIFY)
  - apps/api/tests/api_contract.rs (MODIFY)
  - apps/api/templates/og-template.svg (CREATE)
  - apps/web/public/social/ (DELETE static PNGs except default.png + default.svg)
  - apps/web/src/layouts/BaseLayout.astro (MODIFY og:image only)
  - runbooks/LAUNCH_EVIDENCE.md (APPEND)
  - docs/CHANGELOG.md (APPEND)
